// !$*UTF8*$!
{
	archiveVersion = 1;
	classes = {
	};
	objectVersion = 50;
	objects = {

/* Begin PBXBuildFile section */
		761B91482479B3FF00B03FF3 /* AppDelegate.swift in Sources */ = {isa = PBXBuildFile; fileRef = 761B91472479B3FF00B03FF3 /* AppDelegate.swift */; };
		761B914A2479B3FF00B03FF3 /* SceneDelegate.swift in Sources */ = {isa = PBXBuildFile; fileRef = 761B91492479B3FF00B03FF3 /* SceneDelegate.swift */; };
		761B914C2479B3FF00B03FF3 /* MapViewController.swift in Sources */ = {isa = PBXBuildFile; fileRef = 761B914B2479B3FF00B03FF3 /* MapViewController.swift */; };
		761B914F2479B3FF00B03FF3 /* Main.storyboard in Resources */ = {isa = PBXBuildFile; fileRef = 761B914D2479B3FF00B03FF3 /* Main.storyboard */; };
		761B91522479B3FF00B03FF3 /* VirtualTourist.xcdatamodeld in Sources */ = {isa = PBXBuildFile; fileRef = 761B91502479B3FF00B03FF3 /* VirtualTourist.xcdatamodeld */; };
		761B91542479B40000B03FF3 /* Assets.xcassets in Resources */ = {isa = PBXBuildFile; fileRef = 761B91532479B40000B03FF3 /* Assets.xcassets */; };
		761B91572479B40000B03FF3 /* LaunchScreen.storyboard in Resources */ = {isa = PBXBuildFile; fileRef = 761B91552479B40000B03FF3 /* LaunchScreen.storyboard */; };
		761B91612479B62F00B03FF3 /* PhotoAlbumViewController.swift in Sources */ = {isa = PBXBuildFile; fileRef = 761B91602479B62F00B03FF3 /* PhotoAlbumViewController.swift */; };
		761B91632479B64E00B03FF3 /* flickrClient.swift in Sources */ = {isa = PBXBuildFile; fileRef = 761B91622479B64E00B03FF3 /* flickrClient.swift */; };
		76AAEF562479EEDF0080C94F /* ErrorResponse.swift in Sources */ = {isa = PBXBuildFile; fileRef = 76AAEF552479EEDF0080C94F /* ErrorResponse.swift */; };
		76AAEF58247A1ED20080C94F /* Photo.swift in Sources */ = {isa = PBXBuildFile; fileRef = 76AAEF57247A1ED20080C94F /* Photo.swift */; };
		76AAEF5D247A21070080C94F /* Photos.swift in Sources */ = {isa = PBXBuildFile; fileRef = 76AAEF5C247A21070080C94F /* Photos.swift */; };
		76AAEF63247A2EBE0080C94F /* collectionCell.swift in Sources */ = {isa = PBXBuildFile; fileRef = 76AAEF62247A2EBE0080C94F /* collectionCell.swift */; };
/* End PBXBuildFile section */

/* Begin PBXFileReference section */
		761B91442479B3FF00B03FF3 /* VirtualTourist.app */ = {isa = PBXFileReference; explicitFileType = wrapper.application; includeInIndex = 0; path = VirtualTourist.app; sourceTree = BUILT_PRODUCTS_DIR; };
		761B91472479B3FF00B03FF3 /* AppDelegate.swift */ = {isa = PBXFileReference; lastKnownFileType = sourcecode.swift; path = AppDelegate.swift; sourceTree = "<group>"; };
		761B91492479B3FF00B03FF3 /* SceneDelegate.swift */ = {isa = PBXFileReference; lastKnownFileType = sourcecode.swift; path = SceneDelegate.swift; sourceTree = "<group>"; };
		761B914B2479B3FF00B03FF3 /* MapViewController.swift */ = {isa = PBXFileReference; lastKnownFileType = sourcecode.swift; path = MapViewController.swift; sourceTree = "<group>"; };
		761B914E2479B3FF00B03FF3 /* Base */ = {isa = PBXFileReference; lastKnownFileType = file.storyboard; name = Base; path = Base.lproj/Main.storyboard; sourceTree = "<group>"; };
		761B91512479B3FF00B03FF3 /* VirtualTourist.xcdatamodel */ = {isa = PBXFileReference; lastKnownFileType = wrapper.xcdatamodel; path = VirtualTourist.xcdatamodel; sourceTree = "<group>"; };
		761B91532479B40000B03FF3 /* Assets.xcassets */ = {isa = PBXFileReference; lastKnownFileType = folder.assetcatalog; path = Assets.xcassets; sourceTree = "<group>"; };
		761B91562479B40000B03FF3 /* Base */ = {isa = PBXFileReference; lastKnownFileType = file.storyboard; name = Base; path = Base.lproj/LaunchScreen.storyboard; sourceTree = "<group>"; };
		761B91582479B40000B03FF3 /* Info.plist */ = {isa = PBXFileReference; lastKnownFileType = text.plist.xml; path = Info.plist; sourceTree = "<group>"; };
		761B91602479B62F00B03FF3 /* PhotoAlbumViewController.swift */ = {isa = PBXFileReference; lastKnownFileType = sourcecode.swift; path = PhotoAlbumViewController.swift; sourceTree = "<group>"; };
		761B91622479B64E00B03FF3 /* flickrClient.swift */ = {isa = PBXFileReference; lastKnownFileType = sourcecode.swift; path = flickrClient.swift; sourceTree = "<group>"; };
		76AAEF552479EEDF0080C94F /* ErrorResponse.swift */ = {isa = PBXFileReference; lastKnownFileType = sourcecode.swift; path = ErrorResponse.swift; sourceTree = "<group>"; };
		76AAEF57247A1ED20080C94F /* Photo.swift */ = {isa = PBXFileReference; lastKnownFileType = sourcecode.swift; path = Photo.swift; sourceTree = "<group>"; };
		76AAEF5C247A21070080C94F /* Photos.swift */ = {isa = PBXFileReference; lastKnownFileType = sourcecode.swift; path = Photos.swift; sourceTree = "<group>"; };
		76AAEF62247A2EBE0080C94F /* collectionCell.swift */ = {isa = PBXFileReference; lastKnownFileType = sourcecode.swift; path = collectionCell.swift; sourceTree = "<group>"; };
/* End PBXFileReference section */

/* Begin PBXFrameworksBuildPhase section */
		761B91412479B3FF00B03FF3 /* Frameworks */ = {
			isa = PBXFrameworksBuildPhase;
			buildActionMask = 2147483647;
			files = (
			);
			runOnlyForDeploymentPostprocessing = 0;
		};
/* End PBXFrameworksBuildPhase section */

/* Begin PBXGroup section */
		761B913B2479B3FF00B03FF3 = {
			isa = PBXGroup;
			children = (
				761B91462479B3FF00B03FF3 /* VirtualTourist */,
				761B91452479B3FF00B03FF3 /* Products */,
			);
			sourceTree = "<group>";
		};
		761B91452479B3FF00B03FF3 /* Products */ = {
			isa = PBXGroup;
			children = (
				761B91442479B3FF00B03FF3 /* VirtualTourist.app */,
			);
			name = Products;
			sourceTree = "<group>";
		};
		761B91462479B3FF00B03FF3 /* VirtualTourist */ = {
			isa = PBXGroup;
			children = (
				761B91472479B3FF00B03FF3 /* AppDelegate.swift */,
				761B91492479B3FF00B03FF3 /* SceneDelegate.swift */,
				761B915E2479B5EB00B03FF3 /* Model */,
				76AAEF61247A2EA90080C94F /* View */,
				761B915F2479B5F700B03FF3 /* Controller */,
				761B914D2479B3FF00B03FF3 /* Main.storyboard */,
				761B91532479B40000B03FF3 /* Assets.xcassets */,
				761B91552479B40000B03FF3 /* LaunchScreen.storyboard */,
				761B91582479B40000B03FF3 /* Info.plist */,
			);
			path = VirtualTourist;
			sourceTree = "<group>";
		};
		761B915E2479B5EB00B03FF3 /* Model */ = {
			isa = PBXGroup;
			children = (
				76AAEF542479EE960080C94F /* Response */,
				76AAEF5A247A20B30080C94F /* Client */,
				76AAEF5B247A20E10080C94F /* Core Data */,
				76AAEF59247A1EDF0080C94F /* Request */,
			);
			path = Model;
			sourceTree = "<group>";
		};
		761B915F2479B5F700B03FF3 /* Controller */ = {
			isa = PBXGroup;
			children = (
				761B914B2479B3FF00B03FF3 /* MapViewController.swift */,
				761B91602479B62F00B03FF3 /* PhotoAlbumViewController.swift */,
			);
			path = Controller;
			sourceTree = "<group>";
		};
		76AAEF542479EE960080C94F /* Response */ = {
			isa = PBXGroup;
			children = (
				76AAEF552479EEDF0080C94F /* ErrorResponse.swift */,
			);
			path = Response;
			sourceTree = "<group>";
		};
		76AAEF59247A1EDF0080C94F /* Request */ = {
			isa = PBXGroup;
			children = (
				76AAEF57247A1ED20080C94F /* Photo.swift */,
				76AAEF5C247A21070080C94F /* Photos.swift */,
			);
			path = Request;
			sourceTree = "<group>";
		};
		76AAEF5A247A20B30080C94F /* Client */ = {
			isa = PBXGroup;
			children = (
				761B91622479B64E00B03FF3 /* flickrClient.swift */,
			);
			path = Client;
			sourceTree = "<group>";
		};
		76AAEF5B247A20E10080C94F /* Core Data */ = {
			isa = PBXGroup;
			children = (
				761B91502479B3FF00B03FF3 /* VirtualTourist.xcdatamodeld */,
			);
			path = "Core Data";
			sourceTree = "<group>";
		};
		76AAEF61247A2EA90080C94F /* View */ = {
			isa = PBXGroup;
			children = (
				76AAEF62247A2EBE0080C94F /* collectionCell.swift */,
			);
			path = View;
			sourceTree = "<group>";
		};
/* End PBXGroup section */

/* Begin PBXNativeTarget section */
		761B91432479B3FF00B03FF3 /* VirtualTourist */ = {
			isa = PBXNativeTarget;
			buildConfigurationList = 761B915B2479B40000B03FF3 /* Build configuration list for PBXNativeTarget "VirtualTourist" */;
			buildPhases = (
				761B91402479B3FF00B03FF3 /* Sources */,
				761B91412479B3FF00B03FF3 /* Frameworks */,
				761B91422479B3FF00B03FF3 /* Resources */,
			);
			buildRules = (
			);
			dependencies = (
			);
			name = VirtualTourist;
			productName = VirtualTourist;
			productReference = 761B91442479B3FF00B03FF3 /* VirtualTourist.app */;
			productType = "com.apple.product-type.application";
		};
/* End PBXNativeTarget section */

/* Begin PBXProject section */
		761B913C2479B3FF00B03FF3 /* Project object */ = {
			isa = PBXProject;
			attributes = {
				LastSwiftUpdateCheck = 1150;
				LastUpgradeCheck = 1150;
				ORGANIZATIONNAME = DoyinOsanyintolu;
				TargetAttributes = {
					761B91432479B3FF00B03FF3 = {
						CreatedOnToolsVersion = 11.5;
					};
				};
			};
			buildConfigurationList = 761B913F2479B3FF00B03FF3 /* Build configuration list for PBXProject "VirtualTourist" */;
			compatibilityVersion = "Xcode 9.3";
			developmentRegion = en;
			hasScannedForEncodings = 0;
			knownRegions = (
				en,
				Base,
			);
			mainGroup = 761B913B2479B3FF00B03FF3;
			productRefGroup = 761B91452479B3FF00B03FF3 /* Products */;
			projectDirPath = "";
			projectRoot = "";
			targets = (
				761B91432479B3FF00B03FF3 /* VirtualTourist */,
			);
		};
/* End PBXProject section */

/* Begin PBXResourcesBuildPhase section */
		761B91422479B3FF00B03FF3 /* Resources */ = {
			isa = PBXResourcesBuildPhase;
			buildActionMask = 2147483647;
			files = (
				761B91572479B40000B03FF3 /* LaunchScreen.storyboard in Resources */,
				761B91542479B40000B03FF3 /* Assets.xcassets in Resources */,
				761B914F2479B3FF00B03FF3 /* Main.storyboard in Resources */,
			);
			runOnlyForDeploymentPostprocessing = 0;
		};
/* End PBXResourcesBuildPhase section */

/* Begin PBXSourcesBuildPhase section */
		761B91402479B3FF00B03FF3 /* Sources */ = {
			isa = PBXSourcesBuildPhase;
			buildActionMask = 2147483647;
			files = (
				76AAEF58247A1ED20080C94F /* Photo.swift in Sources */,
				761B91612479B62F00B03FF3 /* PhotoAlbumViewController.swift in Sources */,
				761B91522479B3FF00B03FF3 /* VirtualTourist.xcdatamodeld in Sources */,
				76AAEF63247A2EBE0080C94F /* collectionCell.swift in Sources */,
				761B914C2479B3FF00B03FF3 /* MapViewController.swift in Sources */,
				761B91482479B3FF00B03FF3 /* AppDelegate.swift in Sources */,
				761B914A2479B3FF00B03FF3 /* SceneDelegate.swift in Sources */,
				761B91632479B64E00B03FF3 /* flickrClient.swift in Sources */,
				76AAEF562479EEDF0080C94F /* ErrorResponse.swift in Sources */,
				76AAEF5D247A21070080C94F /* Photos.swift in Sources */,
			);
			runOnlyForDeploymentPostprocessing = 0;
		};
/* End PBXSourcesBuildPhase section */

/* Begin PBXVariantGroup section */
		761B914D2479B3FF00B03FF3 /* Main.storyboard */ = {
			isa = PBXVariantGroup;
			children = (
				761B914E2479B3FF00B03FF3 /* Base */,
			);
			name = Main.storyboard;
			sourceTree = "<group>";
		};
		761B91552479B40000B03FF3 /* LaunchScreen.storyboard */ = {
			isa = PBXVariantGroup;
			children = (
				761B91562479B40000B03FF3 /* Base */,
			);
			name = LaunchScreen.storyboard;
			sourceTree = "<group>";
		};
/* End PBXVariantGroup section */

/* Begin XCBuildConfiguration section */
		761B91592479B40000B03FF3 /* Debug */ = {
			isa = XCBuildConfiguration;
			buildSettings = {
				ALWAYS_SEARCH_USER_PATHS = NO;
				CLANG_ANALYZER_NONNULL = YES;
				CLANG_ANALYZER_NUMBER_OBJECT_CONVERSION = YES_AGGRESSIVE;
				CLANG_CXX_LANGUAGE_STANDARD = "gnu++14";
				CLANG_CXX_LIBRARY = "libc++";
				CLANG_ENABLE_MODULES = YES;
				CLANG_ENABLE_OBJC_ARC = YES;
				CLANG_ENABLE_OBJC_WEAK = YES;
				CLANG_WARN_BLOCK_CAPTURE_AUTORELEASING = YES;
				CLANG_WARN_BOOL_CONVERSION = YES;
				CLANG_WARN_COMMA = YES;
				CLANG_WARN_CONSTANT_CONVERSION = YES;
				CLANG_WARN_DEPRECATED_OBJC_IMPLEMENTATIONS = YES;
				CLANG_WARN_DIRECT_OBJC_ISA_USAGE = YES_ERROR;
				CLANG_WARN_DOCUMENTATION_COMMENTS = YES;
				CLANG_WARN_EMPTY_BODY = YES;
				CLANG_WARN_ENUM_CONVERSION = YES;
				CLANG_WARN_INFINITE_RECURSION = YES;
				CLANG_WARN_INT_CONVERSION = YES;
				CLANG_WARN_NON_LITERAL_NULL_CONVERSION = YES;
				CLANG_WARN_OBJC_IMPLICIT_RETAIN_SELF = YES;
				CLANG_WARN_OBJC_LITERAL_CONVERSION = YES;
				CLANG_WARN_OBJC_ROOT_CLASS = YES_ERROR;
				CLANG_WARN_RANGE_LOOP_ANALYSIS = YES;
				CLANG_WARN_STRICT_PROTOTYPES = YES;
				CLANG_WARN_SUSPICIOUS_MOVE = YES;
				CLANG_WARN_UNGUARDED_AVAILABILITY = YES_AGGRESSIVE;
				CLANG_WARN_UNREACHABLE_CODE = YES;
				CLANG_WARN__DUPLICATE_METHOD_MATCH = YES;
				COPY_PHASE_STRIP = NO;
				DEBUG_INFORMATION_FORMAT = dwarf;
				ENABLE_STRICT_OBJC_MSGSEND = YES;
				ENABLE_TESTABILITY = YES;
				GCC_C_LANGUAGE_STANDARD = gnu11;
				GCC_DYNAMIC_NO_PIC = NO;
				GCC_NO_COMMON_BLOCKS = YES;
				GCC_OPTIMIZATION_LEVEL = 0;
				GCC_PREPROCESSOR_DEFINITIONS = (
					"DEBUG=1",
					"$(inherited)",
				);
				GCC_WARN_64_TO_32_BIT_CONVERSION = YES;
				GCC_WARN_ABOUT_RETURN_TYPE = YES_ERROR;
				GCC_WARN_UNDECLARED_SELECTOR = YES;
				GCC_WARN_UNINITIALIZED_AUTOS = YES_AGGRESSIVE;
				GCC_WARN_UNUSED_FUNCTION = YES;
				GCC_WARN_UNUSED_VARIABLE = YES;
				IPHONEOS_DEPLOYMENT_TARGET = 13.5;
				MTL_ENABLE_DEBUG_INFO = INCLUDE_SOURCE;
				MTL_FAST_MATH = YES;
				ONLY_ACTIVE_ARCH = YES;
				SDKROOT = iphoneos;
				SWIFT_ACTIVE_COMPILATION_CONDITIONS = DEBUG;
				SWIFT_OPTIMIZATION_LEVEL = "-Onone";
			};
			name = Debug;
		};
		761B915A2479B40000B03FF3 /* Release */ = {
			isa = XCBuildConfiguration;
			buildSettings = {
				ALWAYS_SEARCH_USER_PATHS = NO;
				CLANG_ANALYZER_NONNULL = YES;
				CLANG_ANALYZER_NUMBER_OBJECT_CONVERSION = YES_AGGRESSIVE;
				CLANG_CXX_LANGUAGE_STANDARD = "gnu++14";
				CLANG_CXX_LIBRARY = "libc++";
				CLANG_ENABLE_MODULES = YES;
				CLANG_ENABLE_OBJC_ARC = YES;
				CLANG_ENABLE_OBJC_WEAK = YES;
				CLANG_WARN_BLOCK_CAPTURE_AUTORELEASING = YES;
				CLANG_WARN_BOOL_CONVERSION = YES;
				CLANG_WARN_COMMA = YES;
				CLANG_WARN_CONSTANT_CONVERSION = YES;
				CLANG_WARN_DEPRECATED_OBJC_IMPLEMENTATIONS = YES;
				CLANG_WARN_DIRECT_OBJC_ISA_USAGE = YES_ERROR;
				CLANG_WARN_DOCUMENTATION_COMMENTS = YES;
				CLANG_WARN_EMPTY_BODY = YES;
				CLANG_WARN_ENUM_CONVERSION = YES;
				CLANG_WARN_INFINITE_RECURSION = YES;
				CLANG_WARN_INT_CONVERSION = YES;
				CLANG_WARN_NON_LITERAL_NULL_CONVERSION = YES;
				CLANG_WARN_OBJC_IMPLICIT_RETAIN_SELF = YES;
				CLANG_WARN_OBJC_LITERAL_CONVERSION = YES;
				CLANG_WARN_OBJC_ROOT_CLASS = YES_ERROR;
				CLANG_WARN_RANGE_LOOP_ANALYSIS = YES;
				CLANG_WARN_STRICT_PROTOTYPES = YES;
				CLANG_WARN_SUSPICIOUS_MOVE = YES;
				CLANG_WARN_UNGUARDED_AVAILABILITY = YES_AGGRESSIVE;
				CLANG_WARN_UNREACHABLE_CODE = YES;
				CLANG_WARN__DUPLICATE_METHOD_MATCH = YES;
				COPY_PHASE_STRIP = NO;
				DEBUG_INFORMATION_FORMAT = "dwarf-with-dsym";
				ENABLE_NS_ASSERTIONS = NO;
				ENABLE_STRICT_OBJC_MSGSEND = YES;
				GCC_C_LANGUAGE_STANDARD = gnu11;
				GCC_NO_COMMON_BLOCKS = YES;
				GCC_WARN_64_TO_32_BIT_CONVERSION = YES;
				GCC_WARN_ABOUT_RETURN_TYPE = YES_ERROR;
				GCC_WARN_UNDECLARED_SELECTOR = YES;
				GCC_WARN_UNINITIALIZED_AUTOS = YES_AGGRESSIVE;
				GCC_WARN_UNUSED_FUNCTION = YES;
				GCC_WARN_UNUSED_VARIABLE = YES;
				IPHONEOS_DEPLOYMENT_TARGET = 13.5;
				MTL_ENABLE_DEBUG_INFO = NO;
				MTL_FAST_MATH = YES;
				SDKROOT = iphoneos;
				SWIFT_COMPILATION_MODE = wholemodule;
				SWIFT_OPTIMIZATION_LEVEL = "-O";
				VALIDATE_PRODUCT = YES;
			};
			name = Release;
		};
		761B915C2479B40000B03FF3 /* Debug */ = {
			isa = XCBuildConfiguration;
			buildSettings = {
				ASSETCATALOG_COMPILER_APPICON_NAME = AppIcon;
				CODE_SIGN_STYLE = Automatic;
				DEVELOPMENT_TEAM = 45Z25L6RNN;
				INFOPLIST_FILE = VirtualTourist/Info.plist;
				LD_RUNPATH_SEARCH_PATHS = (
					"$(inherited)",
					"@executable_path/Frameworks",
				);
				PRODUCT_BUNDLE_IDENTIFIER = com.DoyinOsanyintolu.VirtualTourist;
				PRODUCT_NAME = "$(TARGET_NAME)";
				SWIFT_VERSION = 5.0;
				TARGETED_DEVICE_FAMILY = "1,2";
			};
			name = Debug;
		};
		761B915D2479B40000B03FF3 /* Release */ = {
			isa = XCBuildConfiguration;
			buildSettings = {
				ASSETCATALOG_COMPILER_APPICON_NAME = AppIcon;
				CODE_SIGN_STYLE = Automatic;
				DEVELOPMENT_TEAM = 45Z25L6RNN;
				INFOPLIST_FILE = VirtualTourist/Info.plist;
				LD_RUNPATH_SEARCH_PATHS = (
					"$(inherited)",
					"@executable_path/Frameworks",
				);
				PRODUCT_BUNDLE_IDENTIFIER = com.DoyinOsanyintolu.VirtualTourist;
				PRODUCT_NAME = "$(TARGET_NAME)";
				SWIFT_VERSION = 5.0;
				TARGETED_DEVICE_FAMILY = "1,2";
			};
			name = Release;
		};
/* End XCBuildConfiguration section */

/* Begin XCConfigurationList section */
		761B913F2479B3FF00B03FF3 /* Build configuration list for PBXProject "VirtualTourist" */ = {
			isa = XCConfigurationList;
			buildConfigurations = (
				761B91592479B40000B03FF3 /* Debug */,
				761B915A2479B40000B03FF3 /* Release */,
			);
			defaultConfigurationIsVisible = 0;
			defaultConfigurationName = Release;
		};
		761B915B2479B40000B03FF3 /* Build configuration list for PBXNativeTarget "VirtualTourist" */ = {
			isa = XCConfigurationList;
			buildConfigurations = (
				761B915C2479B40000B03FF3 /* Debug */,
				761B915D2479B40000B03FF3 /* Release */,
			);
			defaultConfigurationIsVisible = 0;
			defaultConfigurationName = Release;
		};
/* End XCConfigurationList section */

/* Begin XCVersionGroup section */
		761B91502479B3FF00B03FF3 /* VirtualTourist.xcdatamodeld */ = {
			isa = XCVersionGroup;
			children = (
				761B91512479B3FF00B03FF3 /* VirtualTourist.xcdatamodel */,
			);
			currentVersion = 761B91512479B3FF00B03FF3 /* VirtualTourist.xcdatamodel */;
			path = VirtualTourist.xcdatamodeld;
			sourceTree = "<group>";
			versionGroupType = wrapper.xcdatamodel;
		};
/* End XCVersionGroup section */
	};
	rootObject = 761B913C2479B3FF00B03FF3 /* Project object */;
}
